// !$*UTF8*$!
{
	archiveVersion = 1;
	classes = {
	};
	objectVersion = 50;
	objects = {

/* Begin PBXBuildFile section */
		89C0FCC525CBD4990074BF60 /* AppDelegate.swift in Sources */ = {isa = PBXBuildFile; fileRef = 89C0FCC425CBD4990074BF60 /* AppDelegate.swift */; };
		89C0FCC725CBD4990074BF60 /* SceneDelegate.swift in Sources */ = {isa = PBXBuildFile; fileRef = 89C0FCC625CBD4990074BF60 /* SceneDelegate.swift */; };
		89C0FCC925CBD4990074BF60 /* ViewController.swift in Sources */ = {isa = PBXBuildFile; fileRef = 89C0FCC825CBD4990074BF60 /* ViewController.swift */; };
		89C0FCCC25CBD4990074BF60 /* Main.storyboard in Resources */ = {isa = PBXBuildFile; fileRef = 89C0FCCA25CBD4990074BF60 /* Main.storyboard */; };
		89C0FCCE25CBD49D0074BF60 /* Assets.xcassets in Resources */ = {isa = PBXBuildFile; fileRef = 89C0FCCD25CBD49D0074BF60 /* Assets.xcassets */; };
		89C0FCD125CBD49D0074BF60 /* LaunchScreen.storyboard in Resources */ = {isa = PBXBuildFile; fileRef = 89C0FCCF25CBD49D0074BF60 /* LaunchScreen.storyboard */; };
/* End PBXBuildFile section */

/* Begin PBXFileReference section */
		89C0FCC125CBD4990074BF60 /* FirstKadaiApp.app */ = {isa = PBXFileReference; explicitFileType = wrapper.application; includeInIndex = 0; path = FirstKadaiApp.app; sourceTree = BUILT_PRODUCTS_DIR; };
		89C0FCC425CBD4990074BF60 /* AppDelegate.swift */ = {isa = PBXFileReference; lastKnownFileType = sourcecode.swift; path = AppDelegate.swift; sourceTree = "<group>"; };
		89C0FCC625CBD4990074BF60 /* SceneDelegate.swift */ = {isa = PBXFileReference; lastKnownFileType = sourcecode.swift; path = SceneDelegate.swift; sourceTree = "<group>"; };
		89C0FCC825CBD4990074BF60 /* ViewController.swift */ = {isa = PBXFileReference; lastKnownFileType = sourcecode.swift; path = ViewController.swift; sourceTree = "<group>"; };
		89C0FCCB25CBD4990074BF60 /* Base */ = {isa = PBXFileReference; lastKnownFileType = file.storyboard; name = Base; path = Base.lproj/Main.storyboard; sourceTree = "<group>"; };
		89C0FCCD25CBD49D0074BF60 /* Assets.xcassets */ = {isa = PBXFileReference; lastKnownFileType = folder.assetcatalog; path = Assets.xcassets; sourceTree = "<group>"; };
		89C0FCD025CBD49D0074BF60 /* Base */ = {isa = PBXFileReference; lastKnownFileType = file.storyboard; name = Base; path = Base.lproj/LaunchScreen.storyboard; sourceTree = "<group>"; };
		89C0FCD225CBD49D0074BF60 /* Info.plist */ = {isa = PBXFileReference; lastKnownFileType = text.plist.xml; path = Info.plist; sourceTree = "<group>"; };
/* End PBXFileReference section */

/* Begin PBXFrameworksBuildPhase section */
		89C0FCBE25CBD4990074BF60 /* Frameworks */ = {
			isa = PBXFrameworksBuildPhase;
			buildActionMask = 2147483647;
			files = (
			);
			runOnlyForDeploymentPostprocessing = 0;
		};
/* End PBXFrameworksBuildPhase section */

/* Begin PBXGroup section */
		89C0FCB825CBD4990074BF60 = {
			isa = PBXGroup;
			children = (
				89C0FCC325CBD4990074BF60 /* FirstKadaiApp */,
				89C0FCC225CBD4990074BF60 /* Products */,
			);
			sourceTree = "<group>";
		};
		89C0FCC225CBD4990074BF60 /* Products */ = {
			isa = PBXGroup;
			children = (
				89C0FCC125CBD4990074BF60 /* FirstKadaiApp.app */,
			);
			name = Products;
			sourceTree = "<group>";
		};
		89C0FCC325CBD4990074BF60 /* FirstKadaiApp */ = {
			isa = PBXGroup;
			children = (
				89C0FCC425CBD4990074BF60 /* AppDelegate.swift */,
				89C0FCC625CBD4990074BF60 /* SceneDelegate.swift */,
				89C0FCC825CBD4990074BF60 /* ViewController.swift */,
				89C0FCCA25CBD4990074BF60 /* Main.storyboard */,
				89C0FCCD25CBD49D0074BF60 /* Assets.xcassets */,
				89C0FCCF25CBD49D0074BF60 /* LaunchScreen.storyboard */,
				89C0FCD225CBD49D0074BF60 /* Info.plist */,
			);
			path = FirstKadaiApp;
			sourceTree = "<group>";
		};
/* End PBXGroup section */

/* Begin PBXNativeTarget section */
		89C0FCC025CBD4990074BF60 /* FirstKadaiApp */ = {
			isa = PBXNativeTarget;
			buildConfigurationList = 89C0FCD525CBD49D0074BF60 /* Build configuration list for PBXNativeTarget "FirstKadaiApp" */;
			buildPhases = (
				89C0FCBD25CBD4990074BF60 /* Sources */,
				89C0FCBE25CBD4990074BF60 /* Frameworks */,
				89C0FCBF25CBD4990074BF60 /* Resources */,
			);
			buildRules = (
			);
			dependencies = (
			);
			name = FirstKadaiApp;
			productName = FirstKadaiApp;
			productReference = 89C0FCC125CBD4990074BF60 /* FirstKadaiApp.app */;
			productType = "com.apple.product-type.application";
		};
/* End PBXNativeTarget section */

/* Begin PBXProject section */
		89C0FCB925CBD4990074BF60 /* Project object */ = {
			isa = PBXProject;
			attributes = {
				LastSwiftUpdateCheck = 1220;
				LastUpgradeCheck = 1220;
				TargetAttributes = {
					89C0FCC025CBD4990074BF60 = {
						CreatedOnToolsVersion = 12.2;
					};
				};
			};
			buildConfigurationList = 89C0FCBC25CBD4990074BF60 /* Build configuration list for PBXProject "FirstKadaiApp" */;
			compatibilityVersion = "Xcode 9.3";
			developmentRegion = en;
			hasScannedForEncodings = 0;
			knownRegions = (
				en,
				Base,
			);
			mainGroup = 89C0FCB825CBD4990074BF60;
			productRefGroup = 89C0FCC225CBD4990074BF60 /* Products */;
			projectDirPath = "";
			projectRoot = "";
			targets = (
				89C0FCC025CBD4990074BF60 /* FirstKadaiApp */,
			);
		};
/* End PBXProject section */

/* Begin PBXResourcesBuildPhase section */
		89C0FCBF25CBD4990074BF60 /* Resources */ = {
			isa = PBXResourcesBuildPhase;
			buildActionMask = 2147483647;
			files = (
				89C0FCD125CBD49D0074BF60 /* LaunchScreen.storyboard in Resources */,
				89C0FCCE25CBD49D0074BF60 /* Assets.xcassets in Resources */,
				89C0FCCC25CBD4990074BF60 /* Main.storyboard in Resources */,
			);
			runOnlyForDeploymentPostprocessing = 0;
		};
/* End PBXResourcesBuildPhase section */

/* Begin PBXSourcesBuildPhase section */
		89C0FCBD25CBD4990074BF60 /* Sources */ = {
			isa = PBXSourcesBuildPhase;
			buildActionMask = 2147483647;
			files = (
				89C0FCC925CBD4990074BF60 /* ViewController.swift in Sources */,
				89C0FCC525CBD4990074BF60 /* AppDelegate.swift in Sources */,
				89C0FCC725CBD4990074BF60 /* SceneDelegate.swift in Sources */,
			);
			runOnlyForDeploymentPostprocessing = 0;
		};
/* End PBXSourcesBuildPhase section */

/* Begin PBXVariantGroup section */
		89C0FCCA25CBD4990074BF60 /* Main.storyboard */ = {
			isa = PBXVariantGroup;
			children = (
				89C0FCCB25CBD4990074BF60 /* Base */,
			);
			name = Main.storyboard;
			sourceTree = "<group>";
		};
		89C0FCCF25CBD49D0074BF60 /* LaunchScreen.storyboard */ = {
			isa = PBXVariantGroup;
			children = (
				89C0FCD025CBD49D0074BF60 /* Base */,
			);
			name = LaunchScreen.storyboard;
			sourceTree = "<group>";
		};
/* End PBXVariantGroup section */

/* Begin XCBuildConfiguration section */
		89C0FCD325CBD49D0074BF60 /* Debug */ = {
			isa = XCBuildConfiguration;
			buildSettings = {
				ALWAYS_SEARCH_USER_PATHS = NO;
				CLANG_ANALYZER_NONNULL = YES;
				CLANG_ANALYZER_NUMBER_OBJECT_CONVERSION = YES_AGGRESSIVE;
				CLANG_CXX_LANGUAGE_STANDARD = "gnu++14";
				CLANG_CXX_LIBRARY = "libc++";
				CLANG_ENABLE_MODULES = YES;
				CLANG_ENABLE_OBJC_ARC = YES;
				CLANG_ENABLE_OBJC_WEAK = YES;
				CLANG_WARN_BLOCK_CAPTURE_AUTORELEASING = YES;
				CLANG_WARN_BOOL_CONVERSION = YES;
				CLANG_WARN_COMMA = YES;
				CLANG_WARN_CONSTANT_CONVERSION = YES;
				CLANG_WARN_DEPRECATED_OBJC_IMPLEMENTATIONS = YES;
				CLANG_WARN_DIRECT_OBJC_ISA_USAGE = YES_ERROR;
				CLANG_WARN_DOCUMENTATION_COMMENTS = YES;
				CLANG_WARN_EMPTY_BODY = YES;
				CLANG_WARN_ENUM_CONVERSION = YES;
				CLANG_WARN_INFINITE_RECURSION = YES;
				CLANG_WARN_INT_CONVERSION = YES;
				CLANG_WARN_NON_LITERAL_NULL_CONVERSION = YES;
				CLANG_WARN_OBJC_IMPLICIT_RETAIN_SELF = YES;
				CLANG_WARN_OBJC_LITERAL_CONVERSION = YES;
				CLANG_WARN_OBJC_ROOT_CLASS = YES_ERROR;
				CLANG_WARN_QUOTED_INCLUDE_IN_FRAMEWORK_HEADER = YES;
				CLANG_WARN_RANGE_LOOP_ANALYSIS = YES;
				CLANG_WARN_STRICT_PROTOTYPES = YES;
				CLANG_WARN_SUSPICIOUS_MOVE = YES;
				CLANG_WARN_UNGUARDED_AVAILABILITY = YES_AGGRESSIVE;
				CLANG_WARN_UNREACHABLE_CODE = YES;
				CLANG_WARN__DUPLICATE_METHOD_MATCH = YES;
				COPY_PHASE_STRIP = NO;
				DEBUG_INFORMATION_FORMAT = dwarf;
				ENABLE_STRICT_OBJC_MSGSEND = YES;
				ENABLE_TESTABILITY = YES;
				GCC_C_LANGUAGE_STANDARD = gnu11;
				GCC_DYNAMIC_NO_PIC = NO;
				GCC_NO_COMMON_BLOCKS = YES;
				GCC_OPTIMIZATION_LEVEL = 0;
				GCC_PREPROCESSOR_DEFINITIONS = (
					"DEBUG=1",
					"$(inherited)",
				);
				GCC_WARN_64_TO_32_BIT_CONVERSION = YES;
				GCC_WARN_ABOUT_RETURN_TYPE = YES_ERROR;
				GCC_WARN_UNDECLARED_SELECTOR = YES;
				GCC_WARN_UNINITIALIZED_AUTOS = YES_AGGRESSIVE;
				GCC_WARN_UNUSED_FUNCTION = YES;
				GCC_WARN_UNUSED_VARIABLE = YES;
				IPHONEOS_DEPLOYMENT_TARGET = 14.2;
				MTL_ENABLE_DEBUG_INFO = INCLUDE_SOURCE;
				MTL_FAST_MATH = YES;
				ONLY_ACTIVE_ARCH = YES;
				SDKROOT = iphoneos;
				SWIFT_ACTIVE_COMPILATION_CONDITIONS = DEBUG;
				SWIFT_OPTIMIZATION_LEVEL = "-Onone";
			};
			name = Debug;
		};
		89C0FCD425CBD49D0074BF60 /* Release */ = {
			isa = XCBuildConfiguration;
			buildSettings = {
				ALWAYS_SEARCH_USER_PATHS = NO;
				CLANG_ANALYZER_NONNULL = YES;
				CLANG_ANALYZER_NUMBER_OBJECT_CONVERSION = YES_AGGRESSIVE;
				CLANG_CXX_LANGUAGE_STANDARD = "gnu++14";
				CLANG_CXX_LIBRARY = "libc++";
				CLANG_ENABLE_MODULES = YES;
				CLANG_ENABLE_OBJC_ARC = YES;
				CLANG_ENABLE_OBJC_WEAK = YES;
				CLANG_WARN_BLOCK_CAPTURE_AUTORELEASING = YES;
				CLANG_WARN_BOOL_CONVERSION = YES;
				CLANG_WARN_COMMA = YES;
				CLANG_WARN_CONSTANT_CONVERSION = YES;
				CLANG_WARN_DEPRECATED_OBJC_IMPLEMENTATIONS = YES;
				CLANG_WARN_DIRECT_OBJC_ISA_USAGE = YES_ERROR;
				CLANG_WARN_DOCUMENTATION_COMMENTS = YES;
				CLANG_WARN_EMPTY_BODY = YES;
				CLANG_WARN_ENUM_CONVERSION = YES;
				CLANG_WARN_INFINITE_RECURSION = YES;
				CLANG_WARN_INT_CONVERSION = YES;
				CLANG_WARN_NON_LITERAL_NULL_CONVERSION = YES;
				CLANG_WARN_OBJC_IMPLICIT_RETAIN_SELF = YES;
				CLANG_WARN_OBJC_LITERAL_CONVERSION = YES;
				CLANG_WARN_OBJC_ROOT_CLASS = YES_ERROR;
				CLANG_WARN_QUOTED_INCLUDE_IN_FRAMEWORK_HEADER = YES;
				CLANG_WARN_RANGE_LOOP_ANALYSIS = YES;
				CLANG_WARN_STRICT_PROTOTYPES = YES;
				CLANG_WARN_SUSPICIOUS_MOVE = YES;
				CLANG_WARN_UNGUARDED_AVAILABILITY = YES_AGGRESSIVE;
				CLANG_WARN_UNREACHABLE_CODE = YES;
				CLANG_WARN__DUPLICATE_METHOD_MATCH = YES;
				COPY_PHASE_STRIP = NO;
				DEBUG_INFORMATION_FORMAT = "dwarf-with-dsym";
				ENABLE_NS_ASSERTIONS = NO;
				ENABLE_STRICT_OBJC_MSGSEND = YES;
				GCC_C_LANGUAGE_STANDARD = gnu11;
				GCC_NO_COMMON_BLOCKS = YES;
				GCC_WARN_64_TO_32_BIT_CONVERSION = YES;
				GCC_WARN_ABOUT_RETURN_TYPE = YES_ERROR;
				GCC_WARN_UNDECLARED_SELECTOR = YES;
				GCC_WARN_UNINITIALIZED_AUTOS = YES_AGGRESSIVE;
				GCC_WARN_UNUSED_FUNCTION = YES;
				GCC_WARN_UNUSED_VARIABLE = YES;
				IPHONEOS_DEPLOYMENT_TARGET = 14.2;
				MTL_ENABLE_DEBUG_INFO = NO;
				MTL_FAST_MATH = YES;
				SDKROOT = iphoneos;
				SWIFT_COMPILATION_MODE = wholemodule;
				SWIFT_OPTIMIZATION_LEVEL = "-O";
				VALIDATE_PRODUCT = YES;
			};
			name = Release;
		};
		89C0FCD625CBD49D0074BF60 /* Debug */ = {
			isa = XCBuildConfiguration;
			buildSettings = {
				ASSETCATALOG_COMPILER_APPICON_NAME = AppIcon;
				ASSETCATALOG_COMPILER_GLOBAL_ACCENT_COLOR_NAME = AccentColor;
				CODE_SIGN_STYLE = Automatic;
				DEVELOPMENT_TEAM = H8D83939YR;
				INFOPLIST_FILE = FirstKadaiApp/Info.plist;
				LD_RUNPATH_SEARCH_PATHS = (
					"$(inherited)",
					"@executable_path/Frameworks",
				);
				PRODUCT_BUNDLE_IDENTIFIER = jp.techacademy.kazuki.denda.FirstKadaiApp;
				PRODUCT_NAME = "$(TARGET_NAME)";
				SWIFT_VERSION = 5.0;
				TARGETED_DEVICE_FAMILY = "1,2";
			};
			name = Debug;
		};
		89C0FCD725CBD49D0074BF60 /* Release */ = {
			isa = XCBuildConfiguration;
			buildSettings = {
				ASSETCATALOG_COMPILER_APPICON_NAME = AppIcon;
				ASSETCATALOG_COMPILER_GLOBAL_ACCENT_COLOR_NAME = AccentColor;
				CODE_SIGN_STYLE = Automatic;
				DEVELOPMENT_TEAM = H8D83939YR;
				INFOPLIST_FILE = FirstKadaiApp/Info.plist;
				LD_RUNPATH_SEARCH_PATHS = (
					"$(inherited)",
					"@executable_path/Frameworks",
				);
				PRODUCT_BUNDLE_IDENTIFIER = jp.techacademy.kazuki.denda.FirstKadaiApp;
				PRODUCT_NAME = "$(TARGET_NAME)";
				SWIFT_VERSION = 5.0;
				TARGETED_DEVICE_FAMILY = "1,2";
			};
			name = Release;
		};
/* End XCBuildConfiguration section */

/* Begin XCConfigurationList section */
		89C0FCBC25CBD4990074BF60 /* Build configuration list for PBXProject "FirstKadaiApp" */ = {
			isa = XCConfigurationList;
			buildConfigurations = (
				89C0FCD325CBD49D0074BF60 /* Debug */,
				89C0FCD425CBD49D0074BF60 /* Release */,
			);
			defaultConfigurationIsVisible = 0;
			defaultConfigurationName = Release;
		};
		89C0FCD525CBD49D0074BF60 /* Build configuration list for PBXNativeTarget "FirstKadaiApp" */ = {
			isa = XCConfigurationList;
			buildConfigurations = (
				89C0FCD625CBD49D0074BF60 /* Debug */,
				89C0FCD725CBD49D0074BF60 /* Release */,
			);
			defaultConfigurationIsVisible = 0;
			defaultConfigurationName = Release;
		};
/* End XCConfigurationList section */
	};
	rootObject = 89C0FCB925CBD4990074BF60 /* Project object */;
}
